
Microsoft Visual Studio Solution File, Format Version 12.00
# Visual Studio Version 16
VisualStudioVersion = 16.0.29318.209
MinimumVisualStudioVersion = 10.0.40219.1
Project("{FAE04EC0-301F-11D3-BF4B-00C04F79EFBC}") = "WordsBweb", "WordsBweb\WordsBweb.csproj", "{8486FE37-D8AA-4F26-A6DD-DC4F72DBCF8C}"
EndProject
Global
	GlobalSection(SolutionConfigurationPlatforms) = preSolution
		Debug|Any CPU = Debug|Any CPU
		Release|Any CPU = Release|Any CPU
	EndGlobalSection
	GlobalSection(ProjectConfigurationPlatforms) = postSolution
		{8486FE37-D8AA-4F26-A6DD-DC4F72DBCF8C}.Debug|Any CPU.ActiveCfg = Debug|Any CPU
		{8486FE37-D8AA-4F26-A6DD-DC4F72DBCF8C}.Debug|Any CPU.Build.0 = Debug|Any CPU
		{8486FE37-D8AA-4F26-A6DD-DC4F72DBCF8C}.Release|Any CPU.ActiveCfg = Release|Any CPU
		{8486FE37-D8AA-4F26-A6DD-DC4F72DBCF8C}.Release|Any CPU.Build.0 = Release|Any CPU
	EndGlobalSection
	GlobalSection(SolutionProperties) = preSolution
		HideSolutionNode = FALSE
	EndGlobalSection
	GlobalSection(ExtensibilityGlobals) = postSolution
		SolutionGuid = {E98FB2CB-AE4E-46AB-A088-FB53E0B3F47E}
	EndGlobalSection
EndGlobal
